
Microsoft Visual Studio Solution File, Format Version 12.00
# Visual Studio Version 17
VisualStudioVersion = 17.10.34928.147
MinimumVisualStudioVersion = 10.0.40219.1
Project("{FAE04EC0-301F-11D3-BF4B-00C04F79EFBC}") = "PRAAPIWEB", "PRAAPIWEB\PRAAPIWEB.csproj", "{1699E54D-DA7F-4E86-8686-683F682F107C}"
EndProject
Global
	GlobalSection(SolutionConfigurationPlatforms) = preSolution
		Debug|Any CPU = Debug|Any CPU
		Release|Any CPU = Release|Any CPU
	EndGlobalSection
	GlobalSection(ProjectConfigurationPlatforms) = postSolution
		{1699E54D-DA7F-4E86-8686-683F682F107C}.Debug|Any CPU.ActiveCfg = Debug|Any CPU
		{1699E54D-DA7F-4E86-8686-683F682F107C}.Debug|Any CPU.Build.0 = Debug|Any CPU
		{1699E54D-DA7F-4E86-8686-683F682F107C}.Release|Any CPU.ActiveCfg = Release|Any CPU
		{1699E54D-DA7F-4E86-8686-683F682F107C}.Release|Any CPU.Build.0 = Release|Any CPU
	EndGlobalSection
	GlobalSection(SolutionProperties) = preSolution
		HideSolutionNode = FALSE
	EndGlobalSection
	GlobalSection(ExtensibilityGlobals) = postSolution
		SolutionGuid = {C5E65552-C925-4C2C-BE06-112DBC403CAF}
	EndGlobalSection
EndGlobal
